{
  "name": "example",
  "version": "1.0.0",
  "lockfileVersion": 3,
  "requires": true,
  "packages": {
    "": {
      "name": "example",
      "version": "1.0.0",
      "license": "MIT",
      "dependencies": {
        "@novr/bitrise-api": "^0.1.2"
      }
    },
    "node_modules/@novr/bitrise-api": {
      "version": "0.1.2",
      "resolved": "https://registry.npmjs.org/@novr/bitrise-api/-/bitrise-api-0.1.2.tgz",
      "integrity": "sha512-Wm0Xwb7rGqRBtJvP/zx3QGId/hKJmwemsro3RK8KlBPeXiO6irHIDNvVb+WPuN5ie4xldQWFX0fw21QNvlBhlA=="
    }
  }
}
