{
  "name": "example",
  "version": "1.0.0",
  "lockfileVersion": 3,
  "requires": true,
  "packages": {
    "": {
      "name": "example",
      "version": "1.0.0",
      "license": "MIT",
      "dependencies": {
        "bitrise-api": "^0.1.2"
      }
    },
    "node_modules/bitrise-api": {
      "version": "0.1.2",
      "resolved": "https://registry.npmjs.org/bitrise-api/-/bitrise-api-0.1.2.tgz",
      "integrity": "sha512-/x8/wadITfuUjI8FMUSz8gwE4crgrTru74QMYlvW1AULdLQ2lnPxvhe1xDENr1H0v7tDDwYibgyuNMM5Jq+K9w=="
    }
  }
}
